
Microsoft Visual Studio Solution File, Format Version 12.00
# Visual Studio Version 17
VisualStudioVersion = 17.6.33829.357
MinimumVisualStudioVersion = 10.0.40219.1
Project("{2150E333-8FDC-42A3-9474-1A3956D46DE8}") = "Frontends", "Frontends", "{A490A1EA-72A6-4605-8774-FD510CCF9654}"
EndProject
Project("{2150E333-8FDC-42A3-9474-1A3956D46DE8}") = "Gateways", "Gateways", "{C8B4EB55-E563-4ABB-80D9-F224B510818A}"
EndProject
Project("{2150E333-8FDC-42A3-9474-1A3956D46DE8}") = "IdentityServer", "IdentityServer", "{4F912B96-FD83-459E-9F87-AF7F6F123EB1}"
EndProject
Project("{2150E333-8FDC-42A3-9474-1A3956D46DE8}") = "Services", "Services", "{61A2020D-A447-4D90-A287-8F2E9DA7DE48}"
EndProject
Project("{2150E333-8FDC-42A3-9474-1A3956D46DE8}") = "Shared", "Shared", "{D90F94A1-C6DC-4D06-86D7-1FE18A1299CD}"
EndProject
Project("{2150E333-8FDC-42A3-9474-1A3956D46DE8}") = "SolutionItems", "SolutionItems", "{2228367F-FD2C-45CB-A354-DF59BEDFA56F}"
	ProjectSection(SolutionItems) = preProject
		ForNumbers.txt = ForNumbers.txt
		ToDoList.txt = ToDoList.txt
	EndProjectSection
EndProject
Project("{2150E333-8FDC-42A3-9474-1A3956D46DE8}") = "Basket", "Basket", "{FF1971A6-61E0-4AA2-AE40-CFC49A4B6CF6}"
EndProject
Project("{2150E333-8FDC-42A3-9474-1A3956D46DE8}") = "Catalog", "Catalog", "{5942EE5F-C87F-4C3B-9EE8-646CD2CB7D19}"
EndProject
Project("{2150E333-8FDC-42A3-9474-1A3956D46DE8}") = "Discount", "Discount", "{A6C63CE6-E414-4575-8037-4607BB3517D0}"
EndProject
Project("{2150E333-8FDC-42A3-9474-1A3956D46DE8}") = "Order", "Order", "{FDA2C5C1-A4B9-4F02-B362-321E5A807477}"
EndProject
Project("{2150E333-8FDC-42A3-9474-1A3956D46DE8}") = "Cargo", "Cargo", "{99F16346-8065-421D-9248-A73E8DEEC88A}"
EndProject
Project("{2150E333-8FDC-42A3-9474-1A3956D46DE8}") = "Payment", "Payment", "{AAB5B06C-3778-43F1-846A-3A2515FE3D05}"
EndProject
Project("{2150E333-8FDC-42A3-9474-1A3956D46DE8}") = "PhotoStock", "PhotoStock", "{8D27B755-4F7E-4860-8499-5C12224FA40C}"
EndProject
Project("{9A19103F-16F7-4668-BE54-9A1E7A4F7556}") = "CasgemMicroservice.Services.Catalog", "Services\Catalog\CasgemMicroservice.Services.Catalog\CasgemMicroservice.Services.Catalog.csproj", "{64D08FCE-29E6-41A1-88C5-F0224444FE16}"
EndProject
Project("{9A19103F-16F7-4668-BE54-9A1E7A4F7556}") = "CasgemMicroservice.Shared", "Shared\CasgemMicroservice.Shared\CasgemMicroservice.Shared.csproj", "{5D2E553E-6610-431C-977E-332AC1F30496}"
EndProject
Project("{9A19103F-16F7-4668-BE54-9A1E7A4F7556}") = "CasgemMicroservice.IdentityServer", "IdentityServer\CasgemMicroservice.IdentityServer\CasgemMicroservice.IdentityServer.csproj", "{335254DD-0C6C-4CA8-BDF1-845FE387F9BC}"
EndProject
Project("{9A19103F-16F7-4668-BE54-9A1E7A4F7556}") = "CasgemMicroservice.PhotoStock", "CasgemMicroservice.PhotoStock\CasgemMicroservice.PhotoStock.csproj", "{FA783B21-BA1C-4769-9E69-B2A1BF046F3F}"
EndProject
Project("{9A19103F-16F7-4668-BE54-9A1E7A4F7556}") = "CasgemMicroservice.Basket", "Services\Basket\CasgemMicroservice.Basket\CasgemMicroservice.Basket.csproj", "{7A0AD83C-BB81-4CDE-81D3-99A992350E9C}"
EndProject
Project("{9A19103F-16F7-4668-BE54-9A1E7A4F7556}") = "CasgemMicroservice.Services.Discount", "Services\Discount\CasgemMicroservice.Services.Discount\CasgemMicroservice.Services.Discount.csproj", "{C06E6C38-3FD0-4D14-8998-F18146CFD3DC}"
EndProject
Project("{2150E333-8FDC-42A3-9474-1A3956D46DE8}") = "Core", "Core", "{22828DAE-5483-437B-B174-CFF8947362E6}"
EndProject
Project("{2150E333-8FDC-42A3-9474-1A3956D46DE8}") = "Infastructure", "Infastructure", "{AA77037B-8E2B-4049-9A3D-22D5014ED7AC}"
EndProject
Project("{2150E333-8FDC-42A3-9474-1A3956D46DE8}") = "Presentation", "Presentation", "{F130EB32-DFCD-46F9-A669-8CFBFC3E5CAD}"
EndProject
Project("{9A19103F-16F7-4668-BE54-9A1E7A4F7556}") = "CasgemMicroservice.Services.Order.Core.Domain", "Services\Order\Core\CasgemMicroservice.Services.Order.Core.Domain\CasgemMicroservice.Services.Order.Core.Domain.csproj", "{C4BBDCA0-6C50-4DC4-BAC8-CD04F9E1CAA1}"
EndProject
Project("{9A19103F-16F7-4668-BE54-9A1E7A4F7556}") = "CasgemMicroservice.Services.Order.Core.Application", "Services\Order\Core\CasgemMicroservice.Services.Order.Core.Application\CasgemMicroservice.Services.Order.Core.Application.csproj", "{D4872A28-72A2-4E95-BBD9-B1E9EFEEBB9E}"
EndProject
Project("{9A19103F-16F7-4668-BE54-9A1E7A4F7556}") = "CasgemMicroservice.Services.Order.Infrastructure.Persistance", "Services\Order\Infrastructure\CasgemMicroservice.Services.Order.Infrastructure.Persistance\CasgemMicroservice.Services.Order.Infrastructure.Persistance.csproj", "{06FC1F6C-1F3E-4A58-8F4A-E744F835ADAD}"
EndProject
Project("{9A19103F-16F7-4668-BE54-9A1E7A4F7556}") = "CasgemMicroservice.Services.Order.Presenation.Api", "Services\Order\Presenation\CasgemMicroservice.Services.Order.Presenation.Api\CasgemMicroservice.Services.Order.Presenation.Api.csproj", "{D83419CD-DBB5-40DB-9681-3BBF0A5BB067}"
EndProject
Project("{FAE04EC0-301F-11D3-BF4B-00C04F79EFBC}") = "CasgemMicroservice.Services.Cargo.BussinessLayer", "Services\Cargo\CasgemMicroservice.Services.Cargo.BussinessLayer\CasgemMicroservice.Services.Cargo.BussinessLayer.csproj", "{F74E80C6-3193-4368-8142-CB14E65D2A5C}"
EndProject
Project("{FAE04EC0-301F-11D3-BF4B-00C04F79EFBC}") = "CasgemMicroservice.Services.Cargo.DataAccessLayer", "Services\Cargo\CasgemMicroservice.Services.Cargo.DataAccessLayer\CasgemMicroservice.Services.Cargo.DataAccessLayer.csproj", "{D5AA24D0-5FFC-4970-9D09-A7E5E9750B8F}"
EndProject
Project("{FAE04EC0-301F-11D3-BF4B-00C04F79EFBC}") = "CasgemMicroservice.Services.Cargo.EntityLayer", "Services\Cargo\CasgemMicroservice.Services.Cargo.EntityLayer\CasgemMicroservice.Services.Cargo.EntityLayer.csproj", "{1F3B95EA-259D-4D8B-8570-5D5DC3C968AD}"
EndProject
Project("{FAE04EC0-301F-11D3-BF4B-00C04F79EFBC}") = "CasgemMicroservice.Services.Cargo.WebApi", "Services\Cargo\CasgemMicroservice.Services.Cargo.WebApi\CasgemMicroservice.Services.Cargo.WebApi.csproj", "{3B6D6856-8F82-4B06-91B2-5B6A1D54C577}"
EndProject
Global
	GlobalSection(SolutionConfigurationPlatforms) = preSolution
		Debug|Any CPU = Debug|Any CPU
		Release|Any CPU = Release|Any CPU
	EndGlobalSection
	GlobalSection(ProjectConfigurationPlatforms) = postSolution
		{64D08FCE-29E6-41A1-88C5-F0224444FE16}.Debug|Any CPU.ActiveCfg = Debug|Any CPU
		{64D08FCE-29E6-41A1-88C5-F0224444FE16}.Debug|Any CPU.Build.0 = Debug|Any CPU
		{64D08FCE-29E6-41A1-88C5-F0224444FE16}.Release|Any CPU.ActiveCfg = Release|Any CPU
		{64D08FCE-29E6-41A1-88C5-F0224444FE16}.Release|Any CPU.Build.0 = Release|Any CPU
		{5D2E553E-6610-431C-977E-332AC1F30496}.Debug|Any CPU.ActiveCfg = Debug|Any CPU
		{5D2E553E-6610-431C-977E-332AC1F30496}.Debug|Any CPU.Build.0 = Debug|Any CPU
		{5D2E553E-6610-431C-977E-332AC1F30496}.Release|Any CPU.ActiveCfg = Release|Any CPU
		{5D2E553E-6610-431C-977E-332AC1F30496}.Release|Any CPU.Build.0 = Release|Any CPU
		{335254DD-0C6C-4CA8-BDF1-845FE387F9BC}.Debug|Any CPU.ActiveCfg = Debug|Any CPU
		{335254DD-0C6C-4CA8-BDF1-845FE387F9BC}.Debug|Any CPU.Build.0 = Debug|Any CPU
		{335254DD-0C6C-4CA8-BDF1-845FE387F9BC}.Release|Any CPU.ActiveCfg = Release|Any CPU
		{335254DD-0C6C-4CA8-BDF1-845FE387F9BC}.Release|Any CPU.Build.0 = Release|Any CPU
		{FA783B21-BA1C-4769-9E69-B2A1BF046F3F}.Debug|Any CPU.ActiveCfg = Debug|Any CPU
		{FA783B21-BA1C-4769-9E69-B2A1BF046F3F}.Debug|Any CPU.Build.0 = Debug|Any CPU
		{FA783B21-BA1C-4769-9E69-B2A1BF046F3F}.Release|Any CPU.ActiveCfg = Release|Any CPU
		{FA783B21-BA1C-4769-9E69-B2A1BF046F3F}.Release|Any CPU.Build.0 = Release|Any CPU
		{7A0AD83C-BB81-4CDE-81D3-99A992350E9C}.Debug|Any CPU.ActiveCfg = Debug|Any CPU
		{7A0AD83C-BB81-4CDE-81D3-99A992350E9C}.Debug|Any CPU.Build.0 = Debug|Any CPU
		{7A0AD83C-BB81-4CDE-81D3-99A992350E9C}.Release|Any CPU.ActiveCfg = Release|Any CPU
		{7A0AD83C-BB81-4CDE-81D3-99A992350E9C}.Release|Any CPU.Build.0 = Release|Any CPU
		{C06E6C38-3FD0-4D14-8998-F18146CFD3DC}.Debug|Any CPU.ActiveCfg = Debug|Any CPU
		{C06E6C38-3FD0-4D14-8998-F18146CFD3DC}.Debug|Any CPU.Build.0 = Debug|Any CPU
		{C06E6C38-3FD0-4D14-8998-F18146CFD3DC}.Release|Any CPU.ActiveCfg = Release|Any CPU
		{C06E6C38-3FD0-4D14-8998-F18146CFD3DC}.Release|Any CPU.Build.0 = Release|Any CPU
		{C4BBDCA0-6C50-4DC4-BAC8-CD04F9E1CAA1}.Debug|Any CPU.ActiveCfg = Debug|Any CPU
		{C4BBDCA0-6C50-4DC4-BAC8-CD04F9E1CAA1}.Debug|Any CPU.Build.0 = Debug|Any CPU
		{C4BBDCA0-6C50-4DC4-BAC8-CD04F9E1CAA1}.Release|Any CPU.ActiveCfg = Release|Any CPU
		{C4BBDCA0-6C50-4DC4-BAC8-CD04F9E1CAA1}.Release|Any CPU.Build.0 = Release|Any CPU
		{D4872A28-72A2-4E95-BBD9-B1E9EFEEBB9E}.Debug|Any CPU.ActiveCfg = Debug|Any CPU
		{D4872A28-72A2-4E95-BBD9-B1E9EFEEBB9E}.Debug|Any CPU.Build.0 = Debug|Any CPU
		{D4872A28-72A2-4E95-BBD9-B1E9EFEEBB9E}.Release|Any CPU.ActiveCfg = Release|Any CPU
		{D4872A28-72A2-4E95-BBD9-B1E9EFEEBB9E}.Release|Any CPU.Build.0 = Release|Any CPU
		{06FC1F6C-1F3E-4A58-8F4A-E744F835ADAD}.Debug|Any CPU.ActiveCfg = Debug|Any CPU
		{06FC1F6C-1F3E-4A58-8F4A-E744F835ADAD}.Debug|Any CPU.Build.0 = Debug|Any CPU
		{06FC1F6C-1F3E-4A58-8F4A-E744F835ADAD}.Release|Any CPU.ActiveCfg = Release|Any CPU
		{06FC1F6C-1F3E-4A58-8F4A-E744F835ADAD}.Release|Any CPU.Build.0 = Release|Any CPU
		{D83419CD-DBB5-40DB-9681-3BBF0A5BB067}.Debug|Any CPU.ActiveCfg = Debug|Any CPU
		{D83419CD-DBB5-40DB-9681-3BBF0A5BB067}.Debug|Any CPU.Build.0 = Debug|Any CPU
		{D83419CD-DBB5-40DB-9681-3BBF0A5BB067}.Release|Any CPU.ActiveCfg = Release|Any CPU
		{D83419CD-DBB5-40DB-9681-3BBF0A5BB067}.Release|Any CPU.Build.0 = Release|Any CPU
		{F74E80C6-3193-4368-8142-CB14E65D2A5C}.Debug|Any CPU.ActiveCfg = Debug|Any CPU
		{F74E80C6-3193-4368-8142-CB14E65D2A5C}.Debug|Any CPU.Build.0 = Debug|Any CPU
		{F74E80C6-3193-4368-8142-CB14E65D2A5C}.Release|Any CPU.ActiveCfg = Release|Any CPU
		{F74E80C6-3193-4368-8142-CB14E65D2A5C}.Release|Any CPU.Build.0 = Release|Any CPU
		{D5AA24D0-5FFC-4970-9D09-A7E5E9750B8F}.Debug|Any CPU.ActiveCfg = Debug|Any CPU
		{D5AA24D0-5FFC-4970-9D09-A7E5E9750B8F}.Debug|Any CPU.Build.0 = Debug|Any CPU
		{D5AA24D0-5FFC-4970-9D09-A7E5E9750B8F}.Release|Any CPU.ActiveCfg = Release|Any CPU
		{D5AA24D0-5FFC-4970-9D09-A7E5E9750B8F}.Release|Any CPU.Build.0 = Release|Any CPU
		{1F3B95EA-259D-4D8B-8570-5D5DC3C968AD}.Debug|Any CPU.ActiveCfg = Debug|Any CPU
		{1F3B95EA-259D-4D8B-8570-5D5DC3C968AD}.Debug|Any CPU.Build.0 = Debug|Any CPU
		{1F3B95EA-259D-4D8B-8570-5D5DC3C968AD}.Release|Any CPU.ActiveCfg = Release|Any CPU
		{1F3B95EA-259D-4D8B-8570-5D5DC3C968AD}.Release|Any CPU.Build.0 = Release|Any CPU
		{3B6D6856-8F82-4B06-91B2-5B6A1D54C577}.Debug|Any CPU.ActiveCfg = Debug|Any CPU
		{3B6D6856-8F82-4B06-91B2-5B6A1D54C577}.Debug|Any CPU.Build.0 = Debug|Any CPU
		{3B6D6856-8F82-4B06-91B2-5B6A1D54C577}.Release|Any CPU.ActiveCfg = Release|Any CPU
		{3B6D6856-8F82-4B06-91B2-5B6A1D54C577}.Release|Any CPU.Build.0 = Release|Any CPU
	EndGlobalSection
	GlobalSection(SolutionProperties) = preSolution
		HideSolutionNode = FALSE
	EndGlobalSection
	GlobalSection(NestedProjects) = preSolution
		{FF1971A6-61E0-4AA2-AE40-CFC49A4B6CF6} = {61A2020D-A447-4D90-A287-8F2E9DA7DE48}
		{5942EE5F-C87F-4C3B-9EE8-646CD2CB7D19} = {61A2020D-A447-4D90-A287-8F2E9DA7DE48}
		{A6C63CE6-E414-4575-8037-4607BB3517D0} = {61A2020D-A447-4D90-A287-8F2E9DA7DE48}
		{FDA2C5C1-A4B9-4F02-B362-321E5A807477} = {61A2020D-A447-4D90-A287-8F2E9DA7DE48}
		{99F16346-8065-421D-9248-A73E8DEEC88A} = {61A2020D-A447-4D90-A287-8F2E9DA7DE48}
		{AAB5B06C-3778-43F1-846A-3A2515FE3D05} = {61A2020D-A447-4D90-A287-8F2E9DA7DE48}
		{8D27B755-4F7E-4860-8499-5C12224FA40C} = {61A2020D-A447-4D90-A287-8F2E9DA7DE48}
		{64D08FCE-29E6-41A1-88C5-F0224444FE16} = {5942EE5F-C87F-4C3B-9EE8-646CD2CB7D19}
		{5D2E553E-6610-431C-977E-332AC1F30496} = {D90F94A1-C6DC-4D06-86D7-1FE18A1299CD}
		{335254DD-0C6C-4CA8-BDF1-845FE387F9BC} = {4F912B96-FD83-459E-9F87-AF7F6F123EB1}
		{FA783B21-BA1C-4769-9E69-B2A1BF046F3F} = {8D27B755-4F7E-4860-8499-5C12224FA40C}
		{7A0AD83C-BB81-4CDE-81D3-99A992350E9C} = {FF1971A6-61E0-4AA2-AE40-CFC49A4B6CF6}
		{C06E6C38-3FD0-4D14-8998-F18146CFD3DC} = {A6C63CE6-E414-4575-8037-4607BB3517D0}
		{22828DAE-5483-437B-B174-CFF8947362E6} = {FDA2C5C1-A4B9-4F02-B362-321E5A807477}
		{AA77037B-8E2B-4049-9A3D-22D5014ED7AC} = {FDA2C5C1-A4B9-4F02-B362-321E5A807477}
		{F130EB32-DFCD-46F9-A669-8CFBFC3E5CAD} = {FDA2C5C1-A4B9-4F02-B362-321E5A807477}
		{C4BBDCA0-6C50-4DC4-BAC8-CD04F9E1CAA1} = {22828DAE-5483-437B-B174-CFF8947362E6}
		{D4872A28-72A2-4E95-BBD9-B1E9EFEEBB9E} = {22828DAE-5483-437B-B174-CFF8947362E6}
		{06FC1F6C-1F3E-4A58-8F4A-E744F835ADAD} = {AA77037B-8E2B-4049-9A3D-22D5014ED7AC}
		{D83419CD-DBB5-40DB-9681-3BBF0A5BB067} = {F130EB32-DFCD-46F9-A669-8CFBFC3E5CAD}
		{F74E80C6-3193-4368-8142-CB14E65D2A5C} = {99F16346-8065-421D-9248-A73E8DEEC88A}
		{D5AA24D0-5FFC-4970-9D09-A7E5E9750B8F} = {99F16346-8065-421D-9248-A73E8DEEC88A}
		{1F3B95EA-259D-4D8B-8570-5D5DC3C968AD} = {99F16346-8065-421D-9248-A73E8DEEC88A}
		{3B6D6856-8F82-4B06-91B2-5B6A1D54C577} = {99F16346-8065-421D-9248-A73E8DEEC88A}
	EndGlobalSection
	GlobalSection(ExtensibilityGlobals) = postSolution
		SolutionGuid = {F661F97C-33B7-49C2-99A0-884E03A54700}
	EndGlobalSection
EndGlobal
